// !$*UTF8*$!
{
	archiveVersion = 1;
	classes = {
	};
	objectVersion = 51;
	objects = {

/* Begin PBXBuildFile section */
		AD191168250EE91B00DAD0D8 /* CollectionViewBaseCell.swift in Sources */ = {isa = PBXBuildFile; fileRef = AD191167250EE91B00DAD0D8 /* CollectionViewBaseCell.swift */; };
		AD191174250FAA6800DAD0D8 /* RecommendCycleView.swift in Sources */ = {isa = PBXBuildFile; fileRef = AD191173250FAA6800DAD0D8 /* RecommendCycleView.swift */; };
		AD19117C250FB58C00DAD0D8 /* RecommendCycleView.xib in Resources */ = {isa = PBXBuildFile; fileRef = AD19117B250FB58C00DAD0D8 /* RecommendCycleView.xib */; };
		AD19117F25105F4300DAD0D8 /* CollectionViewCycleCell.swift in Sources */ = {isa = PBXBuildFile; fileRef = AD19117D25105F4300DAD0D8 /* CollectionViewCycleCell.swift */; };
		AD19118025105F4300DAD0D8 /* CollectionViewCycleCell.xib in Resources */ = {isa = PBXBuildFile; fileRef = AD19117E25105F4300DAD0D8 /* CollectionViewCycleCell.xib */; };
		AD5B17B2250A4EB0001E039B /* AppDelegate.swift in Sources */ = {isa = PBXBuildFile; fileRef = AD5B17B1250A4EB0001E039B /* AppDelegate.swift */; };
		AD5B17B9250A4EB0001E039B /* Main.storyboard in Resources */ = {isa = PBXBuildFile; fileRef = AD5B17B7250A4EB0001E039B /* Main.storyboard */; };
		AD5B17BC250A4EB0001E039B /* DYLiveStream.xcdatamodeld in Sources */ = {isa = PBXBuildFile; fileRef = AD5B17BA250A4EB0001E039B /* DYLiveStream.xcdatamodeld */; };
		AD5B17BE250A4EB2001E039B /* Assets.xcassets in Resources */ = {isa = PBXBuildFile; fileRef = AD5B17BD250A4EB2001E039B /* Assets.xcassets */; };
		AD5B17C1250A4EB2001E039B /* LaunchScreen.storyboard in Resources */ = {isa = PBXBuildFile; fileRef = AD5B17BF250A4EB2001E039B /* LaunchScreen.storyboard */; };
		AD5B17D1250A590F001E039B /* MainiewController.swift in Sources */ = {isa = PBXBuildFile; fileRef = AD5B17D0250A590F001E039B /* MainiewController.swift */; };
		AD5B17D3250A5C11001E039B /* NavigationViewController.swift in Sources */ = {isa = PBXBuildFile; fileRef = AD5B17D2250A5C11001E039B /* NavigationViewController.swift */; };
		AD5B17FE250A664C001E039B /* Live.storyboard in Resources */ = {isa = PBXBuildFile; fileRef = AD5B17FD250A664C001E039B /* Live.storyboard */; };
		AD5B1805250A6A09001E039B /* Home.storyboard in Resources */ = {isa = PBXBuildFile; fileRef = AD5B1803250A6A09001E039B /* Home.storyboard */; };
		AD5B1806250A6A09001E039B /* HomeViewController.swift in Sources */ = {isa = PBXBuildFile; fileRef = AD5B1804250A6A09001E039B /* HomeViewController.swift */; };
		AD5B180E250B06B4001E039B /* LiveViewController.swift in Sources */ = {isa = PBXBuildFile; fileRef = AD5B180D250B06B4001E039B /* LiveViewController.swift */; };
		AD5B1812250B159C001E039B /* UIBarButtonItem+Extension.swift in Sources */ = {isa = PBXBuildFile; fileRef = AD5B1811250B159C001E039B /* UIBarButtonItem+Extension.swift */; };
		AD5B1814250B2EE1001E039B /* MainContentPageView.swift in Sources */ = {isa = PBXBuildFile; fileRef = AD5B1813250B2EE1001E039B /* MainContentPageView.swift */; };
		AD5B1816250B3048001E039B /* MainContentTitleView.swift in Sources */ = {isa = PBXBuildFile; fileRef = AD5B1815250B3048001E039B /* MainContentTitleView.swift */; };
		AD5B1818250B37DA001E039B /* Common.swift in Sources */ = {isa = PBXBuildFile; fileRef = AD5B1817250B37DA001E039B /* Common.swift */; };
		AD6375E1250B63290045FCEB /* UIColor+Extension.swift in Sources */ = {isa = PBXBuildFile; fileRef = AD6375E0250B63290045FCEB /* UIColor+Extension.swift */; };
		AD9A6F02250BAF7500EFD488 /* MainContentTitleViewDelegate.swift in Sources */ = {isa = PBXBuildFile; fileRef = AD9A6F01250BAF7500EFD488 /* MainContentTitleViewDelegate.swift */; };
		AD9A6F04250BD73200EFD488 /* MainContentPageViewDelegate.swift in Sources */ = {isa = PBXBuildFile; fileRef = AD9A6F03250BD73200EFD488 /* MainContentPageViewDelegate.swift */; };
		AD9A6F06250C26D700EFD488 /* RecommendPageViewController.swift in Sources */ = {isa = PBXBuildFile; fileRef = AD9A6F05250C26D700EFD488 /* RecommendPageViewController.swift */; };
		ADE06F1F250DED31005AA048 /* RecommendPageViewModel.swift in Sources */ = {isa = PBXBuildFile; fileRef = ADE06F1E250DED31005AA048 /* RecommendPageViewModel.swift */; };
		ADE06F21250DF1E8005AA048 /* DYColumnData.swift in Sources */ = {isa = PBXBuildFile; fileRef = ADE06F20250DF1E8005AA048 /* DYColumnData.swift */; };
		ADE06F25250E3B66005AA048 /* Observer.swift in Sources */ = {isa = PBXBuildFile; fileRef = ADE06F24250E3B66005AA048 /* Observer.swift */; };
		ADFE79B7250CB0C200D2524E /* CollectionHeaderView.swift in Sources */ = {isa = PBXBuildFile; fileRef = ADFE79B5250CB0C200D2524E /* CollectionHeaderView.swift */; };
		ADFE79B8250CB0C200D2524E /* CollectionHeaderView.xib in Resources */ = {isa = PBXBuildFile; fileRef = ADFE79B6250CB0C200D2524E /* CollectionHeaderView.xib */; };
		ADFE79BB250CC2FD00D2524E /* CollectionViewNormalCell.swift in Sources */ = {isa = PBXBuildFile; fileRef = ADFE79B9250CC2FD00D2524E /* CollectionViewNormalCell.swift */; };
		ADFE79BC250CC2FD00D2524E /* CollectionViewNormalCell.xib in Resources */ = {isa = PBXBuildFile; fileRef = ADFE79BA250CC2FD00D2524E /* CollectionViewNormalCell.xib */; };
		ADFE79C3250CFFFC00D2524E /* CollectionViewBeautyCell.swift in Sources */ = {isa = PBXBuildFile; fileRef = ADFE79C1250CFFFC00D2524E /* CollectionViewBeautyCell.swift */; };
		ADFE79C4250CFFFC00D2524E /* CollectionViewBeautyCell.xib in Resources */ = {isa = PBXBuildFile; fileRef = ADFE79C2250CFFFC00D2524E /* CollectionViewBeautyCell.xib */; };
		ADFE79C7250D824500D2524E /* NetworkTool.swift in Sources */ = {isa = PBXBuildFile; fileRef = ADFE79C6250D824500D2524E /* NetworkTool.swift */; };
		DB10EFD45A580E1E4162F8EA /* Pods_DYLiveStream.framework in Frameworks */ = {isa = PBXBuildFile; fileRef = A655328AD47EBA69158185E8 /* Pods_DYLiveStream.framework */; };
/* End PBXBuildFile section */

/* Begin PBXFileReference section */
		1F2DE48E381A1DD97E13F8A1 /* Pods-DYLiveStream.release.xcconfig */ = {isa = PBXFileReference; includeInIndex = 1; lastKnownFileType = text.xcconfig; name = "Pods-DYLiveStream.release.xcconfig"; path = "Target Support Files/Pods-DYLiveStream/Pods-DYLiveStream.release.xcconfig"; sourceTree = "<group>"; };
		80BA1B43E0415DD8D2C40543 /* Pods-DYLiveStream.debug.xcconfig */ = {isa = PBXFileReference; includeInIndex = 1; lastKnownFileType = text.xcconfig; name = "Pods-DYLiveStream.debug.xcconfig"; path = "Target Support Files/Pods-DYLiveStream/Pods-DYLiveStream.debug.xcconfig"; sourceTree = "<group>"; };
		A655328AD47EBA69158185E8 /* Pods_DYLiveStream.framework */ = {isa = PBXFileReference; explicitFileType = wrapper.framework; includeInIndex = 0; path = Pods_DYLiveStream.framework; sourceTree = BUILT_PRODUCTS_DIR; };
		AD191167250EE91B00DAD0D8 /* CollectionViewBaseCell.swift */ = {isa = PBXFileReference; lastKnownFileType = sourcecode.swift; path = CollectionViewBaseCell.swift; sourceTree = "<group>"; };
		AD191173250FAA6800DAD0D8 /* RecommendCycleView.swift */ = {isa = PBXFileReference; lastKnownFileType = sourcecode.swift; path = RecommendCycleView.swift; sourceTree = "<group>"; };
		AD19117B250FB58C00DAD0D8 /* RecommendCycleView.xib */ = {isa = PBXFileReference; lastKnownFileType = file.xib; path = RecommendCycleView.xib; sourceTree = "<group>"; };
		AD19117D25105F4300DAD0D8 /* CollectionViewCycleCell.swift */ = {isa = PBXFileReference; lastKnownFileType = sourcecode.swift; path = CollectionViewCycleCell.swift; sourceTree = "<group>"; };
		AD19117E25105F4300DAD0D8 /* CollectionViewCycleCell.xib */ = {isa = PBXFileReference; lastKnownFileType = file.xib; path = CollectionViewCycleCell.xib; sourceTree = "<group>"; };
		AD5B17AE250A4EB0001E039B /* DYLiveStream.app */ = {isa = PBXFileReference; explicitFileType = wrapper.application; includeInIndex = 0; path = DYLiveStream.app; sourceTree = BUILT_PRODUCTS_DIR; };
		AD5B17B1250A4EB0001E039B /* AppDelegate.swift */ = {isa = PBXFileReference; lastKnownFileType = sourcecode.swift; path = AppDelegate.swift; sourceTree = "<group>"; };
		AD5B17B8250A4EB0001E039B /* Base */ = {isa = PBXFileReference; lastKnownFileType = file.storyboard; name = Base; path = Base.lproj/Main.storyboard; sourceTree = "<group>"; };
		AD5B17BB250A4EB0001E039B /* DYLiveStream.xcdatamodel */ = {isa = PBXFileReference; lastKnownFileType = wrapper.xcdatamodel; path = DYLiveStream.xcdatamodel; sourceTree = "<group>"; };
		AD5B17BD250A4EB2001E039B /* Assets.xcassets */ = {isa = PBXFileReference; lastKnownFileType = folder.assetcatalog; path = Assets.xcassets; sourceTree = "<group>"; };
		AD5B17C0250A4EB2001E039B /* Base */ = {isa = PBXFileReference; lastKnownFileType = file.storyboard; name = Base; path = Base.lproj/LaunchScreen.storyboard; sourceTree = "<group>"; };
		AD5B17C2250A4EB2001E039B /* Info.plist */ = {isa = PBXFileReference; lastKnownFileType = text.plist.xml; path = Info.plist; sourceTree = "<group>"; };
		AD5B17D0250A590F001E039B /* MainiewController.swift */ = {isa = PBXFileReference; lastKnownFileType = sourcecode.swift; path = MainiewController.swift; sourceTree = "<group>"; };
		AD5B17D2250A5C11001E039B /* NavigationViewController.swift */ = {isa = PBXFileReference; lastKnownFileType = sourcecode.swift; path = NavigationViewController.swift; sourceTree = "<group>"; };
		AD5B17FD250A664C001E039B /* Live.storyboard */ = {isa = PBXFileReference; fileEncoding = 4; lastKnownFileType = file.storyboard; path = Live.storyboard; sourceTree = "<group>"; };
		AD5B1803250A6A09001E039B /* Home.storyboard */ = {isa = PBXFileReference; fileEncoding = 4; lastKnownFileType = file.storyboard; path = Home.storyboard; sourceTree = "<group>"; };
		AD5B1804250A6A09001E039B /* HomeViewController.swift */ = {isa = PBXFileReference; fileEncoding = 4; lastKnownFileType = sourcecode.swift; name = HomeViewController.swift; path = ../HomeViewController.swift; sourceTree = "<group>"; };
		AD5B180D250B06B4001E039B /* LiveViewController.swift */ = {isa = PBXFileReference; lastKnownFileType = sourcecode.swift; path = LiveViewController.swift; sourceTree = "<group>"; };
		AD5B1811250B159C001E039B /* UIBarButtonItem+Extension.swift */ = {isa = PBXFileReference; lastKnownFileType = sourcecode.swift; path = "UIBarButtonItem+Extension.swift"; sourceTree = "<group>"; };
		AD5B1813250B2EE1001E039B /* MainContentPageView.swift */ = {isa = PBXFileReference; lastKnownFileType = sourcecode.swift; path = MainContentPageView.swift; sourceTree = "<group>"; };
		AD5B1815250B3048001E039B /* MainContentTitleView.swift */ = {isa = PBXFileReference; lastKnownFileType = sourcecode.swift; path = MainContentTitleView.swift; sourceTree = "<group>"; };
		AD5B1817250B37DA001E039B /* Common.swift */ = {isa = PBXFileReference; lastKnownFileType = sourcecode.swift; path = Common.swift; sourceTree = "<group>"; };
		AD6375E0250B63290045FCEB /* UIColor+Extension.swift */ = {isa = PBXFileReference; lastKnownFileType = sourcecode.swift; path = "UIColor+Extension.swift"; sourceTree = "<group>"; };
		AD9A6F01250BAF7500EFD488 /* MainContentTitleViewDelegate.swift */ = {isa = PBXFileReference; lastKnownFileType = sourcecode.swift; path = MainContentTitleViewDelegate.swift; sourceTree = "<group>"; };
		AD9A6F03250BD73200EFD488 /* MainContentPageViewDelegate.swift */ = {isa = PBXFileReference; lastKnownFileType = sourcecode.swift; path = MainContentPageViewDelegate.swift; sourceTree = "<group>"; };
		AD9A6F05250C26D700EFD488 /* RecommendPageViewController.swift */ = {isa = PBXFileReference; lastKnownFileType = sourcecode.swift; path = RecommendPageViewController.swift; sourceTree = "<group>"; };
		ADE06F1E250DED31005AA048 /* RecommendPageViewModel.swift */ = {isa = PBXFileReference; lastKnownFileType = sourcecode.swift; path = RecommendPageViewModel.swift; sourceTree = "<group>"; };
		ADE06F20250DF1E8005AA048 /* DYColumnData.swift */ = {isa = PBXFileReference; lastKnownFileType = sourcecode.swift; path = DYColumnData.swift; sourceTree = "<group>"; };
		ADE06F24250E3B66005AA048 /* Observer.swift */ = {isa = PBXFileReference; lastKnownFileType = sourcecode.swift; path = Observer.swift; sourceTree = "<group>"; };
		ADFE79B5250CB0C200D2524E /* CollectionHeaderView.swift */ = {isa = PBXFileReference; lastKnownFileType = sourcecode.swift; path = CollectionHeaderView.swift; sourceTree = "<group>"; };
		ADFE79B6250CB0C200D2524E /* CollectionHeaderView.xib */ = {isa = PBXFileReference; lastKnownFileType = file.xib; path = CollectionHeaderView.xib; sourceTree = "<group>"; };
		ADFE79B9250CC2FD00D2524E /* CollectionViewNormalCell.swift */ = {isa = PBXFileReference; lastKnownFileType = sourcecode.swift; path = CollectionViewNormalCell.swift; sourceTree = "<group>"; };
		ADFE79BA250CC2FD00D2524E /* CollectionViewNormalCell.xib */ = {isa = PBXFileReference; lastKnownFileType = file.xib; path = CollectionViewNormalCell.xib; sourceTree = "<group>"; };
		ADFE79C1250CFFFC00D2524E /* CollectionViewBeautyCell.swift */ = {isa = PBXFileReference; lastKnownFileType = sourcecode.swift; path = CollectionViewBeautyCell.swift; sourceTree = "<group>"; };
		ADFE79C2250CFFFC00D2524E /* CollectionViewBeautyCell.xib */ = {isa = PBXFileReference; lastKnownFileType = file.xib; path = CollectionViewBeautyCell.xib; sourceTree = "<group>"; };
		ADFE79C6250D824500D2524E /* NetworkTool.swift */ = {isa = PBXFileReference; lastKnownFileType = sourcecode.swift; path = NetworkTool.swift; sourceTree = "<group>"; };
/* End PBXFileReference section */

/* Begin PBXFrameworksBuildPhase section */
		AD5B17AB250A4EB0001E039B /* Frameworks */ = {
			isa = PBXFrameworksBuildPhase;
			buildActionMask = 2147483647;
			files = (
				DB10EFD45A580E1E4162F8EA /* Pods_DYLiveStream.framework in Frameworks */,
			);
			runOnlyForDeploymentPostprocessing = 0;
		};
/* End PBXFrameworksBuildPhase section */

/* Begin PBXGroup section */
		AC5C1DD98EF48D7BF90DFE49 /* Pods */ = {
			isa = PBXGroup;
			children = (
				80BA1B43E0415DD8D2C40543 /* Pods-DYLiveStream.debug.xcconfig */,
				1F2DE48E381A1DD97E13F8A1 /* Pods-DYLiveStream.release.xcconfig */,
			);
			path = Pods;
			sourceTree = "<group>";
		};
		AD5B17A5250A4EAF001E039B = {
			isa = PBXGroup;
			children = (
				AD5B17B0250A4EB0001E039B /* DYLiveStream */,
				AD5B17AF250A4EB0001E039B /* Products */,
				AC5C1DD98EF48D7BF90DFE49 /* Pods */,
				DC53AA348D8BF2C37DB96650 /* Frameworks */,
			);
			sourceTree = "<group>";
		};
		AD5B17AF250A4EB0001E039B /* Products */ = {
			isa = PBXGroup;
			children = (
				AD5B17AE250A4EB0001E039B /* DYLiveStream.app */,
			);
			name = Products;
			sourceTree = "<group>";
		};
		AD5B17B0250A4EB0001E039B /* DYLiveStream */ = {
			isa = PBXGroup;
			children = (
				AD5B180A250A6B06001E039B /* Main */,
				AD5B1802250A6A09001E039B /* Home */,
				AD5B17F9250A6601001E039B /* Live */,
				AD5B17B1250A4EB0001E039B /* AppDelegate.swift */,
				AD5B17D2250A5C11001E039B /* NavigationViewController.swift */,
				AD5B180F250B14B6001E039B /* Tools */,
				AD5B17BD250A4EB2001E039B /* Assets.xcassets */,
				AD5B17BF250A4EB2001E039B /* LaunchScreen.storyboard */,
				AD5B17C2250A4EB2001E039B /* Info.plist */,
				AD5B17BA250A4EB0001E039B /* DYLiveStream.xcdatamodeld */,
			);
			path = DYLiveStream;
			sourceTree = "<group>";
		};
		AD5B17F9250A6601001E039B /* Live */ = {
			isa = PBXGroup;
			children = (
				AD5B17FD250A664C001E039B /* Live.storyboard */,
				AD5B180D250B06B4001E039B /* LiveViewController.swift */,
			);
			path = Live;
			sourceTree = "<group>";
		};
		AD5B1802250A6A09001E039B /* Home */ = {
			isa = PBXGroup;
			children = (
				ADE06F1D250DEBFC005AA048 /* ViewModel */,
				AD5B1808250A6A5A001E039B /* Model */,
				AD5B1809250A6A5A001E039B /* View */,
				AD5B1807250A6A5A001E039B /* Controller */,
			);
			path = Home;
			sourceTree = "<group>";
		};
		AD5B1807250A6A5A001E039B /* Controller */ = {
			isa = PBXGroup;
			children = (
				AD5B1804250A6A09001E039B /* HomeViewController.swift */,
				AD9A6F05250C26D700EFD488 /* RecommendPageViewController.swift */,
			);
			path = Controller;
			sourceTree = "<group>";
		};
		AD5B1808250A6A5A001E039B /* Model */ = {
			isa = PBXGroup;
			children = (
				ADE06F20250DF1E8005AA048 /* DYColumnData.swift */,
			);
			path = Model;
			sourceTree = "<group>";
		};
		AD5B1809250A6A5A001E039B /* View */ = {
			isa = PBXGroup;
			children = (
				AD5B1803250A6A09001E039B /* Home.storyboard */,
				AD5B1813250B2EE1001E039B /* MainContentPageView.swift */,
				AD5B1815250B3048001E039B /* MainContentTitleView.swift */,
				AD9A6F01250BAF7500EFD488 /* MainContentTitleViewDelegate.swift */,
				AD9A6F03250BD73200EFD488 /* MainContentPageViewDelegate.swift */,
				AD19117B250FB58C00DAD0D8 /* RecommendCycleView.xib */,
				AD191173250FAA6800DAD0D8 /* RecommendCycleView.swift */,
			);
			path = View;
			sourceTree = "<group>";
		};
		AD5B180A250A6B06001E039B /* Main */ = {
			isa = PBXGroup;
			children = (
				ADFE79C0250CFF7800D2524E /* Controller */,
				ADFE79BF250CFF5A00D2524E /* View */,
				ADFE79BD250CFF4200D2524E /* Model */,
			);
			path = Main;
			sourceTree = "<group>";
		};
		AD5B180F250B14B6001E039B /* Tools */ = {
			isa = PBXGroup;
			children = (
				ADE06F23250E3B2C005AA048 /* Observer */,
				ADFE79C5250D822C00D2524E /* Network */,
				AD5B1819250B40A1001E039B /* Common */,
				AD5B1810250B1585001E039B /* Extensions */,
			);
			path = Tools;
			sourceTree = "<group>";
		};
		AD5B1810250B1585001E039B /* Extensions */ = {
			isa = PBXGroup;
			children = (
				AD5B1811250B159C001E039B /* UIBarButtonItem+Extension.swift */,
				AD6375E0250B63290045FCEB /* UIColor+Extension.swift */,
			);
			path = Extensions;
			sourceTree = "<group>";
		};
		AD5B1819250B40A1001E039B /* Common */ = {
			isa = PBXGroup;
			children = (
				AD5B1817250B37DA001E039B /* Common.swift */,
			);
			path = Common;
			sourceTree = "<group>";
		};
		ADE06F1D250DEBFC005AA048 /* ViewModel */ = {
			isa = PBXGroup;
			children = (
				ADE06F1E250DED31005AA048 /* RecommendPageViewModel.swift */,
			);
			path = ViewModel;
			sourceTree = "<group>";
		};
		ADE06F23250E3B2C005AA048 /* Observer */ = {
			isa = PBXGroup;
			children = (
				ADE06F24250E3B66005AA048 /* Observer.swift */,
			);
			path = Observer;
			sourceTree = "<group>";
		};
		ADFE79BD250CFF4200D2524E /* Model */ = {
			isa = PBXGroup;
			children = (
			);
			path = Model;
			sourceTree = "<group>";
		};
		ADFE79BF250CFF5A00D2524E /* View */ = {
			isa = PBXGroup;
			children = (
				ADFE79B5250CB0C200D2524E /* CollectionHeaderView.swift */,
				ADFE79B6250CB0C200D2524E /* CollectionHeaderView.xib */,
				ADFE79B9250CC2FD00D2524E /* CollectionViewNormalCell.swift */,
				ADFE79BA250CC2FD00D2524E /* CollectionViewNormalCell.xib */,
				ADFE79C1250CFFFC00D2524E /* CollectionViewBeautyCell.swift */,
				ADFE79C2250CFFFC00D2524E /* CollectionViewBeautyCell.xib */,
				AD191167250EE91B00DAD0D8 /* CollectionViewBaseCell.swift */,
				AD19117D25105F4300DAD0D8 /* CollectionViewCycleCell.swift */,
				AD19117E25105F4300DAD0D8 /* CollectionViewCycleCell.xib */,
			);
			path = View;
			sourceTree = "<group>";
		};
		ADFE79C0250CFF7800D2524E /* Controller */ = {
			isa = PBXGroup;
			children = (
				AD5B17B7250A4EB0001E039B /* Main.storyboard */,
				AD5B17D0250A590F001E039B /* MainiewController.swift */,
			);
			path = Controller;
			sourceTree = "<group>";
		};
		ADFE79C5250D822C00D2524E /* Network */ = {
			isa = PBXGroup;
			children = (
				ADFE79C6250D824500D2524E /* NetworkTool.swift */,
			);
			path = Network;
			sourceTree = "<group>";
		};
		DC53AA348D8BF2C37DB96650 /* Frameworks */ = {
			isa = PBXGroup;
			children = (
				A655328AD47EBA69158185E8 /* Pods_DYLiveStream.framework */,
			);
			name = Frameworks;
			sourceTree = "<group>";
		};
/* End PBXGroup section */

/* Begin PBXNativeTarget section */
		AD5B17AD250A4EB0001E039B /* DYLiveStream */ = {
			isa = PBXNativeTarget;
			buildConfigurationList = AD5B17C5250A4EB2001E039B /* Build configuration list for PBXNativeTarget "DYLiveStream" */;
			buildPhases = (
				5C34AAB280271477BBB0E0FC /* [CP] Check Pods Manifest.lock */,
				AD5B17AA250A4EB0001E039B /* Sources */,
				AD5B17AB250A4EB0001E039B /* Frameworks */,
				AD5B17AC250A4EB0001E039B /* Resources */,
				7EE6F7CFF5A7E9EADCEC527D /* [CP] Embed Pods Frameworks */,
			);
			buildRules = (
			);
			dependencies = (
			);
			name = DYLiveStream;
			productName = DYLiveStream;
			productReference = AD5B17AE250A4EB0001E039B /* DYLiveStream.app */;
			productType = "com.apple.product-type.application";
		};
/* End PBXNativeTarget section */

/* Begin PBXProject section */
		AD5B17A6250A4EAF001E039B /* Project object */ = {
			isa = PBXProject;
			attributes = {
				LastSwiftUpdateCheck = 1170;
				LastUpgradeCheck = 1170;
				ORGANIZATIONNAME = "老刁";
				TargetAttributes = {
					AD5B17AD250A4EB0001E039B = {
						CreatedOnToolsVersion = 11.7;
					};
				};
			};
			buildConfigurationList = AD5B17A9250A4EAF001E039B /* Build configuration list for PBXProject "DYLiveStream" */;
			compatibilityVersion = "Xcode 9.3";
			developmentRegion = en;
			hasScannedForEncodings = 0;
			knownRegions = (
				en,
				Base,
			);
			mainGroup = AD5B17A5250A4EAF001E039B;
			productRefGroup = AD5B17AF250A4EB0001E039B /* Products */;
			projectDirPath = "";
			projectRoot = "";
			targets = (
				AD5B17AD250A4EB0001E039B /* DYLiveStream */,
			);
		};
/* End PBXProject section */

/* Begin PBXResourcesBuildPhase section */
		AD5B17AC250A4EB0001E039B /* Resources */ = {
			isa = PBXResourcesBuildPhase;
			buildActionMask = 2147483647;
			files = (
				AD5B17C1250A4EB2001E039B /* LaunchScreen.storyboard in Resources */,
				AD5B1805250A6A09001E039B /* Home.storyboard in Resources */,
				AD19117C250FB58C00DAD0D8 /* RecommendCycleView.xib in Resources */,
				AD5B17BE250A4EB2001E039B /* Assets.xcassets in Resources */,
				ADFE79BC250CC2FD00D2524E /* CollectionViewNormalCell.xib in Resources */,
				AD19118025105F4300DAD0D8 /* CollectionViewCycleCell.xib in Resources */,
				AD5B17B9250A4EB0001E039B /* Main.storyboard in Resources */,
				AD5B17FE250A664C001E039B /* Live.storyboard in Resources */,
				ADFE79C4250CFFFC00D2524E /* CollectionViewBeautyCell.xib in Resources */,
				ADFE79B8250CB0C200D2524E /* CollectionHeaderView.xib in Resources */,
			);
			runOnlyForDeploymentPostprocessing = 0;
		};
/* End PBXResourcesBuildPhase section */

/* Begin PBXShellScriptBuildPhase section */
		5C34AAB280271477BBB0E0FC /* [CP] Check Pods Manifest.lock */ = {
			isa = PBXShellScriptBuildPhase;
			buildActionMask = 2147483647;
			files = (
			);
			inputFileListPaths = (
			);
			inputPaths = (
				"${PODS_PODFILE_DIR_PATH}/Podfile.lock",
				"${PODS_ROOT}/Manifest.lock",
			);
			name = "[CP] Check Pods Manifest.lock";
			outputFileListPaths = (
			);
			outputPaths = (
				"$(DERIVED_FILE_DIR)/Pods-DYLiveStream-checkManifestLockResult.txt",
			);
			runOnlyForDeploymentPostprocessing = 0;
			shellPath = /bin/sh;
			shellScript = "diff \"${PODS_PODFILE_DIR_PATH}/Podfile.lock\" \"${PODS_ROOT}/Manifest.lock\" > /dev/null\nif [ $? != 0 ] ; then\n    # print error to STDERR\n    echo \"error: The sandbox is not in sync with the Podfile.lock. Run 'pod install' or update your CocoaPods installation.\" >&2\n    exit 1\nfi\n# This output is used by Xcode 'outputs' to avoid re-running this script phase.\necho \"SUCCESS\" > \"${SCRIPT_OUTPUT_FILE_0}\"\n";
			showEnvVarsInLog = 0;
		};
		7EE6F7CFF5A7E9EADCEC527D /* [CP] Embed Pods Frameworks */ = {
			isa = PBXShellScriptBuildPhase;
			buildActionMask = 2147483647;
			files = (
			);
			inputFileListPaths = (
				"${PODS_ROOT}/Target Support Files/Pods-DYLiveStream/Pods-DYLiveStream-frameworks-${CONFIGURATION}-input-files.xcfilelist",
			);
			name = "[CP] Embed Pods Frameworks";
			outputFileListPaths = (
				"${PODS_ROOT}/Target Support Files/Pods-DYLiveStream/Pods-DYLiveStream-frameworks-${CONFIGURATION}-output-files.xcfilelist",
			);
			runOnlyForDeploymentPostprocessing = 0;
			shellPath = /bin/sh;
			shellScript = "\"${PODS_ROOT}/Target Support Files/Pods-DYLiveStream/Pods-DYLiveStream-frameworks.sh\"\n";
			showEnvVarsInLog = 0;
		};
/* End PBXShellScriptBuildPhase section */

/* Begin PBXSourcesBuildPhase section */
		AD5B17AA250A4EB0001E039B /* Sources */ = {
			isa = PBXSourcesBuildPhase;
			buildActionMask = 2147483647;
			files = (
				AD5B1806250A6A09001E039B /* HomeViewController.swift in Sources */,
				ADE06F1F250DED31005AA048 /* RecommendPageViewModel.swift in Sources */,
				AD5B17D3250A5C11001E039B /* NavigationViewController.swift in Sources */,
				AD9A6F06250C26D700EFD488 /* RecommendPageViewController.swift in Sources */,
				ADFE79BB250CC2FD00D2524E /* CollectionViewNormalCell.swift in Sources */,
				AD5B17B2250A4EB0001E039B /* AppDelegate.swift in Sources */,
				AD6375E1250B63290045FCEB /* UIColor+Extension.swift in Sources */,
				AD191174250FAA6800DAD0D8 /* RecommendCycleView.swift in Sources */,
				ADFE79C3250CFFFC00D2524E /* CollectionViewBeautyCell.swift in Sources */,
				ADFE79C7250D824500D2524E /* NetworkTool.swift in Sources */,
				AD191168250EE91B00DAD0D8 /* CollectionViewBaseCell.swift in Sources */,
				AD5B1812250B159C001E039B /* UIBarButtonItem+Extension.swift in Sources */,
				ADFE79B7250CB0C200D2524E /* CollectionHeaderView.swift in Sources */,
				AD5B1814250B2EE1001E039B /* MainContentPageView.swift in Sources */,
				AD5B17D1250A590F001E039B /* MainiewController.swift in Sources */,
				AD19117F25105F4300DAD0D8 /* CollectionViewCycleCell.swift in Sources */,
				AD5B180E250B06B4001E039B /* LiveViewController.swift in Sources */,
				AD5B1816250B3048001E039B /* MainContentTitleView.swift in Sources */,
				AD9A6F02250BAF7500EFD488 /* MainContentTitleViewDelegate.swift in Sources */,
				AD5B1818250B37DA001E039B /* Common.swift in Sources */,
				AD9A6F04250BD73200EFD488 /* MainContentPageViewDelegate.swift in Sources */,
				ADE06F21250DF1E8005AA048 /* DYColumnData.swift in Sources */,
				ADE06F25250E3B66005AA048 /* Observer.swift in Sources */,
				AD5B17BC250A4EB0001E039B /* DYLiveStream.xcdatamodeld in Sources */,
			);
			runOnlyForDeploymentPostprocessing = 0;
		};
/* End PBXSourcesBuildPhase section */

/* Begin PBXVariantGroup section */
		AD5B17B7250A4EB0001E039B /* Main.storyboard */ = {
			isa = PBXVariantGroup;
			children = (
				AD5B17B8250A4EB0001E039B /* Base */,
			);
			name = Main.storyboard;
			sourceTree = "<group>";
		};
		AD5B17BF250A4EB2001E039B /* LaunchScreen.storyboard */ = {
			isa = PBXVariantGroup;
			children = (
				AD5B17C0250A4EB2001E039B /* Base */,
			);
			name = LaunchScreen.storyboard;
			sourceTree = "<group>";
		};
/* End PBXVariantGroup section */

/* Begin XCBuildConfiguration section */
		AD5B17C3250A4EB2001E039B /* Debug */ = {
			isa = XCBuildConfiguration;
			buildSettings = {
				ALWAYS_SEARCH_USER_PATHS = NO;
				CLANG_ANALYZER_NONNULL = YES;
				CLANG_ANALYZER_NUMBER_OBJECT_CONVERSION = YES_AGGRESSIVE;
				CLANG_CXX_LANGUAGE_STANDARD = "gnu++14";
				CLANG_CXX_LIBRARY = "libc++";
				CLANG_ENABLE_MODULES = YES;
				CLANG_ENABLE_OBJC_ARC = YES;
				CLANG_ENABLE_OBJC_WEAK = YES;
				CLANG_WARN_BLOCK_CAPTURE_AUTORELEASING = YES;
				CLANG_WARN_BOOL_CONVERSION = YES;
				CLANG_WARN_COMMA = YES;
				CLANG_WARN_CONSTANT_CONVERSION = YES;
				CLANG_WARN_DEPRECATED_OBJC_IMPLEMENTATIONS = YES;
				CLANG_WARN_DIRECT_OBJC_ISA_USAGE = YES_ERROR;
				CLANG_WARN_DOCUMENTATION_COMMENTS = YES;
				CLANG_WARN_EMPTY_BODY = YES;
				CLANG_WARN_ENUM_CONVERSION = YES;
				CLANG_WARN_INFINITE_RECURSION = YES;
				CLANG_WARN_INT_CONVERSION = YES;
				CLANG_WARN_NON_LITERAL_NULL_CONVERSION = YES;
				CLANG_WARN_OBJC_IMPLICIT_RETAIN_SELF = YES;
				CLANG_WARN_OBJC_LITERAL_CONVERSION = YES;
				CLANG_WARN_OBJC_ROOT_CLASS = YES_ERROR;
				CLANG_WARN_RANGE_LOOP_ANALYSIS = YES;
				CLANG_WARN_STRICT_PROTOTYPES = YES;
				CLANG_WARN_SUSPICIOUS_MOVE = YES;
				CLANG_WARN_UNGUARDED_AVAILABILITY = YES_AGGRESSIVE;
				CLANG_WARN_UNREACHABLE_CODE = YES;
				CLANG_WARN__DUPLICATE_METHOD_MATCH = YES;
				COPY_PHASE_STRIP = NO;
				DEBUG_INFORMATION_FORMAT = dwarf;
				ENABLE_STRICT_OBJC_MSGSEND = YES;
				ENABLE_TESTABILITY = YES;
				GCC_C_LANGUAGE_STANDARD = gnu11;
				GCC_DYNAMIC_NO_PIC = NO;
				GCC_NO_COMMON_BLOCKS = YES;
				GCC_OPTIMIZATION_LEVEL = 0;
				GCC_PREPROCESSOR_DEFINITIONS = (
					"DEBUG=1",
					"$(inherited)",
				);
				GCC_WARN_64_TO_32_BIT_CONVERSION = YES;
				GCC_WARN_ABOUT_RETURN_TYPE = YES_ERROR;
				GCC_WARN_UNDECLARED_SELECTOR = YES;
				GCC_WARN_UNINITIALIZED_AUTOS = YES_AGGRESSIVE;
				GCC_WARN_UNUSED_FUNCTION = YES;
				GCC_WARN_UNUSED_VARIABLE = YES;
				IPHONEOS_DEPLOYMENT_TARGET = 12.0;
				MTL_ENABLE_DEBUG_INFO = INCLUDE_SOURCE;
				MTL_FAST_MATH = YES;
				ONLY_ACTIVE_ARCH = YES;
				SDKROOT = iphoneos;
				SWIFT_ACTIVE_COMPILATION_CONDITIONS = DEBUG;
				SWIFT_OPTIMIZATION_LEVEL = "-Onone";
			};
			name = Debug;
		};
		AD5B17C4250A4EB2001E039B /* Release */ = {
			isa = XCBuildConfiguration;
			buildSettings = {
				ALWAYS_SEARCH_USER_PATHS = NO;
				CLANG_ANALYZER_NONNULL = YES;
				CLANG_ANALYZER_NUMBER_OBJECT_CONVERSION = YES_AGGRESSIVE;
				CLANG_CXX_LANGUAGE_STANDARD = "gnu++14";
				CLANG_CXX_LIBRARY = "libc++";
				CLANG_ENABLE_MODULES = YES;
				CLANG_ENABLE_OBJC_ARC = YES;
				CLANG_ENABLE_OBJC_WEAK = YES;
				CLANG_WARN_BLOCK_CAPTURE_AUTORELEASING = YES;
				CLANG_WARN_BOOL_CONVERSION = YES;
				CLANG_WARN_COMMA = YES;
				CLANG_WARN_CONSTANT_CONVERSION = YES;
				CLANG_WARN_DEPRECATED_OBJC_IMPLEMENTATIONS = YES;
				CLANG_WARN_DIRECT_OBJC_ISA_USAGE = YES_ERROR;
				CLANG_WARN_DOCUMENTATION_COMMENTS = YES;
				CLANG_WARN_EMPTY_BODY = YES;
				CLANG_WARN_ENUM_CONVERSION = YES;
				CLANG_WARN_INFINITE_RECURSION = YES;
				CLANG_WARN_INT_CONVERSION = YES;
				CLANG_WARN_NON_LITERAL_NULL_CONVERSION = YES;
				CLANG_WARN_OBJC_IMPLICIT_RETAIN_SELF = YES;
				CLANG_WARN_OBJC_LITERAL_CONVERSION = YES;
				CLANG_WARN_OBJC_ROOT_CLASS = YES_ERROR;
				CLANG_WARN_RANGE_LOOP_ANALYSIS = YES;
				CLANG_WARN_STRICT_PROTOTYPES = YES;
				CLANG_WARN_SUSPICIOUS_MOVE = YES;
				CLANG_WARN_UNGUARDED_AVAILABILITY = YES_AGGRESSIVE;
				CLANG_WARN_UNREACHABLE_CODE = YES;
				CLANG_WARN__DUPLICATE_METHOD_MATCH = YES;
				COPY_PHASE_STRIP = NO;
				DEBUG_INFORMATION_FORMAT = "dwarf-with-dsym";
				ENABLE_NS_ASSERTIONS = NO;
				ENABLE_STRICT_OBJC_MSGSEND = YES;
				GCC_C_LANGUAGE_STANDARD = gnu11;
				GCC_NO_COMMON_BLOCKS = YES;
				GCC_WARN_64_TO_32_BIT_CONVERSION = YES;
				GCC_WARN_ABOUT_RETURN_TYPE = YES_ERROR;
				GCC_WARN_UNDECLARED_SELECTOR = YES;
				GCC_WARN_UNINITIALIZED_AUTOS = YES_AGGRESSIVE;
				GCC_WARN_UNUSED_FUNCTION = YES;
				GCC_WARN_UNUSED_VARIABLE = YES;
				IPHONEOS_DEPLOYMENT_TARGET = 12.0;
				MTL_ENABLE_DEBUG_INFO = NO;
				MTL_FAST_MATH = YES;
				SDKROOT = iphoneos;
				SWIFT_COMPILATION_MODE = wholemodule;
				SWIFT_OPTIMIZATION_LEVEL = "-O";
				VALIDATE_PRODUCT = YES;
			};
			name = Release;
		};
		AD5B17C6250A4EB2001E039B /* Debug */ = {
			isa = XCBuildConfiguration;
			baseConfigurationReference = 80BA1B43E0415DD8D2C40543 /* Pods-DYLiveStream.debug.xcconfig */;
			buildSettings = {
				ASSETCATALOG_COMPILER_APPICON_NAME = AppIcon;
				CODE_SIGN_STYLE = Automatic;
				DEVELOPMENT_TEAM = NU2XHN99BA;
				INFOPLIST_FILE = DYLiveStream/Info.plist;
				IPHONEOS_DEPLOYMENT_TARGET = 9.0;
				LD_RUNPATH_SEARCH_PATHS = (
					"$(inherited)",
					"@executable_path/Frameworks",
				);
				PRODUCT_BUNDLE_IDENTIFIER = "dk-games.DYLiveStream";
				PRODUCT_NAME = "$(TARGET_NAME)";
				SWIFT_VERSION = 5.0;
				TARGETED_DEVICE_FAMILY = 1;
			};
			name = Debug;
		};
		AD5B17C7250A4EB2001E039B /* Release */ = {
			isa = XCBuildConfiguration;
			baseConfigurationReference = 1F2DE48E381A1DD97E13F8A1 /* Pods-DYLiveStream.release.xcconfig */;
			buildSettings = {
				ASSETCATALOG_COMPILER_APPICON_NAME = AppIcon;
				CODE_SIGN_STYLE = Automatic;
				DEVELOPMENT_TEAM = NU2XHN99BA;
				INFOPLIST_FILE = DYLiveStream/Info.plist;
				IPHONEOS_DEPLOYMENT_TARGET = 9.0;
				LD_RUNPATH_SEARCH_PATHS = (
					"$(inherited)",
					"@executable_path/Frameworks",
				);
				PRODUCT_BUNDLE_IDENTIFIER = "dk-games.DYLiveStream";
				PRODUCT_NAME = "$(TARGET_NAME)";
				SWIFT_VERSION = 5.0;
				TARGETED_DEVICE_FAMILY = 1;
			};
			name = Release;
		};
/* End XCBuildConfiguration section */

/* Begin XCConfigurationList section */
		AD5B17A9250A4EAF001E039B /* Build configuration list for PBXProject "DYLiveStream" */ = {
			isa = XCConfigurationList;
			buildConfigurations = (
				AD5B17C3250A4EB2001E039B /* Debug */,
				AD5B17C4250A4EB2001E039B /* Release */,
			);
			defaultConfigurationIsVisible = 0;
			defaultConfigurationName = Release;
		};
		AD5B17C5250A4EB2001E039B /* Build configuration list for PBXNativeTarget "DYLiveStream" */ = {
			isa = XCConfigurationList;
			buildConfigurations = (
				AD5B17C6250A4EB2001E039B /* Debug */,
				AD5B17C7250A4EB2001E039B /* Release */,
			);
			defaultConfigurationIsVisible = 0;
			defaultConfigurationName = Release;
		};
/* End XCConfigurationList section */

/* Begin XCVersionGroup section */
		AD5B17BA250A4EB0001E039B /* DYLiveStream.xcdatamodeld */ = {
			isa = XCVersionGroup;
			children = (
				AD5B17BB250A4EB0001E039B /* DYLiveStream.xcdatamodel */,
			);
			currentVersion = AD5B17BB250A4EB0001E039B /* DYLiveStream.xcdatamodel */;
			path = DYLiveStream.xcdatamodeld;
			sourceTree = "<group>";
			versionGroupType = wrapper.xcdatamodel;
		};
/* End XCVersionGroup section */
	};
	rootObject = AD5B17A6250A4EAF001E039B /* Project object */;
}
